
Microsoft Visual Studio Solution File, Format Version 12.00
# Visual Studio Version 16
VisualStudioVersion = 16.0.32630.194
MinimumVisualStudioVersion = 10.0.40219.1
Project("{FAE04EC0-301F-11D3-BF4B-00C04F79EFBC}") = "CRUD-MVC-aspNet-framework-4", "CRUD-MVC-aspNet-framework-4.csproj", "{AAA5988B-81C9-4409-8DAB-0AB2EF3FE9AD}"
EndProject
Global
	GlobalSection(SolutionConfigurationPlatforms) = preSolution
		Debug|Any CPU = Debug|Any CPU
		Release|Any CPU = Release|Any CPU
	EndGlobalSection
	GlobalSection(ProjectConfigurationPlatforms) = postSolution
		{AAA5988B-81C9-4409-8DAB-0AB2EF3FE9AD}.Debug|Any CPU.ActiveCfg = Debug|Any CPU
		{AAA5988B-81C9-4409-8DAB-0AB2EF3FE9AD}.Debug|Any CPU.Build.0 = Debug|Any CPU
		{AAA5988B-81C9-4409-8DAB-0AB2EF3FE9AD}.Release|Any CPU.ActiveCfg = Release|Any CPU
		{AAA5988B-81C9-4409-8DAB-0AB2EF3FE9AD}.Release|Any CPU.Build.0 = Release|Any CPU
	EndGlobalSection
	GlobalSection(SolutionProperties) = preSolution
		HideSolutionNode = FALSE
	EndGlobalSection
	GlobalSection(ExtensibilityGlobals) = postSolution
		SolutionGuid = {14958556-09BF-4047-BF1D-D5A6986C6780}
	EndGlobalSection
EndGlobal
